
Microsoft Visual Studio Solution File, Format Version 12.00
# Visual Studio Version 17
VisualStudioVersion = 17.2.32630.192
MinimumVisualStudioVersion = 10.0.40219.1
Project("{FAE04EC0-301F-11D3-BF4B-00C04F79EFBC}") = "VetorExemplo", "VetorExemplo\VetorExemplo.csproj", "{FE94ED69-34C9-469B-85B0-BE4A449E21EC}"
EndProject
Global
	GlobalSection(SolutionConfigurationPlatforms) = preSolution
		Debug|Any CPU = Debug|Any CPU
		Release|Any CPU = Release|Any CPU
	EndGlobalSection
	GlobalSection(ProjectConfigurationPlatforms) = postSolution
		{FE94ED69-34C9-469B-85B0-BE4A449E21EC}.Debug|Any CPU.ActiveCfg = Debug|Any CPU
		{FE94ED69-34C9-469B-85B0-BE4A449E21EC}.Debug|Any CPU.Build.0 = Debug|Any CPU
		{FE94ED69-34C9-469B-85B0-BE4A449E21EC}.Release|Any CPU.ActiveCfg = Release|Any CPU
		{FE94ED69-34C9-469B-85B0-BE4A449E21EC}.Release|Any CPU.Build.0 = Release|Any CPU
	EndGlobalSection
	GlobalSection(SolutionProperties) = preSolution
		HideSolutionNode = FALSE
	EndGlobalSection
	GlobalSection(ExtensibilityGlobals) = postSolution
		SolutionGuid = {7A9E711E-C1D1-4CC5-9F4D-31CAA0BAB0E6}
	EndGlobalSection
EndGlobal
